
Microsoft Visual Studio Solution File, Format Version 12.00
# Visual Studio Version 16
VisualStudioVersion = 16.0.29911.84
MinimumVisualStudioVersion = 10.0.40219.1
Project("{FAE04EC0-301F-11D3-BF4B-00C04F79EFBC}") = "BankApplication", "BankApplication\BankApplication.csproj", "{FF4789D5-3512-47FF-AE37-79CED6632968}"
EndProject
Project("{FAE04EC0-301F-11D3-BF4B-00C04F79EFBC}") = "NewBankLibrary", "NewBankLibrary\NewBankLibrary.csproj", "{A6816E6D-EA61-4250-B98F-979C62287DDE}"
EndProject
Global
	GlobalSection(SolutionConfigurationPlatforms) = preSolution
		Debug|Any CPU = Debug|Any CPU
		Release|Any CPU = Release|Any CPU
	EndGlobalSection
	GlobalSection(ProjectConfigurationPlatforms) = postSolution
		{FF4789D5-3512-47FF-AE37-79CED6632968}.Debug|Any CPU.ActiveCfg = Debug|Any CPU
		{FF4789D5-3512-47FF-AE37-79CED6632968}.Debug|Any CPU.Build.0 = Debug|Any CPU
		{FF4789D5-3512-47FF-AE37-79CED6632968}.Release|Any CPU.ActiveCfg = Release|Any CPU
		{FF4789D5-3512-47FF-AE37-79CED6632968}.Release|Any CPU.Build.0 = Release|Any CPU
		{A6816E6D-EA61-4250-B98F-979C62287DDE}.Debug|Any CPU.ActiveCfg = Debug|Any CPU
		{A6816E6D-EA61-4250-B98F-979C62287DDE}.Debug|Any CPU.Build.0 = Debug|Any CPU
		{A6816E6D-EA61-4250-B98F-979C62287DDE}.Release|Any CPU.ActiveCfg = Release|Any CPU
		{A6816E6D-EA61-4250-B98F-979C62287DDE}.Release|Any CPU.Build.0 = Release|Any CPU
	EndGlobalSection
	GlobalSection(SolutionProperties) = preSolution
		HideSolutionNode = FALSE
	EndGlobalSection
	GlobalSection(ExtensibilityGlobals) = postSolution
		SolutionGuid = {D50C4D73-6CA1-4289-88DE-F7ACB7B522C8}
	EndGlobalSection
EndGlobal
